
Microsoft Visual Studio Solution File, Format Version 11.00
# Visual Studio 2010
Project("{FAE04EC0-301F-11D3-BF4B-00C04F79EFBC}") = "WindowsFormsTest2", "WindowsFormsTest2\WindowsFormsTest2.csproj", "{743E2D94-262D-42B7-8AF6-D9FC605F17FD}"
EndProject
Global
	GlobalSection(SolutionConfigurationPlatforms) = preSolution
		Debug|x86 = Debug|x86
		Release|x86 = Release|x86
	EndGlobalSection
	GlobalSection(ProjectConfigurationPlatforms) = postSolution
		{743E2D94-262D-42B7-8AF6-D9FC605F17FD}.Debug|x86.ActiveCfg = Debug|x86
		{743E2D94-262D-42B7-8AF6-D9FC605F17FD}.Debug|x86.Build.0 = Debug|x86
		{743E2D94-262D-42B7-8AF6-D9FC605F17FD}.Release|x86.ActiveCfg = Release|x86
		{743E2D94-262D-42B7-8AF6-D9FC605F17FD}.Release|x86.Build.0 = Release|x86
	EndGlobalSection
	GlobalSection(SolutionProperties) = preSolution
		HideSolutionNode = FALSE
	EndGlobalSection
EndGlobal
